
Microsoft Visual Studio Solution File, Format Version 12.00
# Visual Studio Version 17
VisualStudioVersion = 17.9.34607.119
MinimumVisualStudioVersion = 10.0.40219.1
Project("{FAE04EC0-301F-11D3-BF4B-00C04F79EFBC}") = "konst-3", "konst-3\konst-3.csproj", "{BCB6517C-CDA4-4581-95FE-F13C9E45460C}"
EndProject
Global
	GlobalSection(SolutionConfigurationPlatforms) = preSolution
		Debug|Any CPU = Debug|Any CPU
		Release|Any CPU = Release|Any CPU
	EndGlobalSection
	GlobalSection(ProjectConfigurationPlatforms) = postSolution
		{BCB6517C-CDA4-4581-95FE-F13C9E45460C}.Debug|Any CPU.ActiveCfg = Debug|Any CPU
		{BCB6517C-CDA4-4581-95FE-F13C9E45460C}.Debug|Any CPU.Build.0 = Debug|Any CPU
		{BCB6517C-CDA4-4581-95FE-F13C9E45460C}.Release|Any CPU.ActiveCfg = Release|Any CPU
		{BCB6517C-CDA4-4581-95FE-F13C9E45460C}.Release|Any CPU.Build.0 = Release|Any CPU
	EndGlobalSection
	GlobalSection(SolutionProperties) = preSolution
		HideSolutionNode = FALSE
	EndGlobalSection
	GlobalSection(ExtensibilityGlobals) = postSolution
		SolutionGuid = {83293EF2-49BD-4CDA-B19C-9A9BD387AAEE}
	EndGlobalSection
EndGlobal
